
Microsoft Visual Studio Solution File, Format Version 12.00
# Visual Studio Version 16
VisualStudioVersion = 16.0.30621.155
MinimumVisualStudioVersion = 10.0.40219.1
Project("{FAE04EC0-301F-11D3-BF4B-00C04F79EFBC}") = "ServerProject", "ServerProject\ServerProject.csproj", "{00B8D414-0C14-453B-A5A4-9F28531A43A0}"
EndProject
Project("{FAE04EC0-301F-11D3-BF4B-00C04F79EFBC}") = "ClientProject", "ClientProject\ClientProject.csproj", "{94A1A5DD-3CE1-452D-A7C9-8CCC607DD583}"
EndProject
Global
	GlobalSection(SolutionConfigurationPlatforms) = preSolution
		Debug|Any CPU = Debug|Any CPU
		Release|Any CPU = Release|Any CPU
	EndGlobalSection
	GlobalSection(ProjectConfigurationPlatforms) = postSolution
		{00B8D414-0C14-453B-A5A4-9F28531A43A0}.Debug|Any CPU.ActiveCfg = Debug|Any CPU
		{00B8D414-0C14-453B-A5A4-9F28531A43A0}.Debug|Any CPU.Build.0 = Debug|Any CPU
		{00B8D414-0C14-453B-A5A4-9F28531A43A0}.Release|Any CPU.ActiveCfg = Release|Any CPU
		{00B8D414-0C14-453B-A5A4-9F28531A43A0}.Release|Any CPU.Build.0 = Release|Any CPU
		{94A1A5DD-3CE1-452D-A7C9-8CCC607DD583}.Debug|Any CPU.ActiveCfg = Debug|Any CPU
		{94A1A5DD-3CE1-452D-A7C9-8CCC607DD583}.Debug|Any CPU.Build.0 = Debug|Any CPU
		{94A1A5DD-3CE1-452D-A7C9-8CCC607DD583}.Release|Any CPU.ActiveCfg = Release|Any CPU
		{94A1A5DD-3CE1-452D-A7C9-8CCC607DD583}.Release|Any CPU.Build.0 = Release|Any CPU
	EndGlobalSection
	GlobalSection(SolutionProperties) = preSolution
		HideSolutionNode = FALSE
	EndGlobalSection
	GlobalSection(ExtensibilityGlobals) = postSolution
		SolutionGuid = {304EB564-E924-4918-8924-136A30DFE386}
	EndGlobalSection
EndGlobal
